
Microsoft Visual Studio Solution File, Format Version 12.00
# Visual Studio Version 17
VisualStudioVersion = 17.1.32421.90
MinimumVisualStudioVersion = 10.0.40219.1
Project("{FAE04EC0-301F-11D3-BF4B-00C04F79EFBC}") = "RaneenProject.Android", "RaneenProject\RaneenProject.Android\RaneenProject.Android.csproj", "{4BCC03D1-FB48-4AC2-A142-B4300C9D4088}"
EndProject
Project("{FAE04EC0-301F-11D3-BF4B-00C04F79EFBC}") = "RaneenProject", "RaneenProject\RaneenProject\RaneenProject.csproj", "{FF2D351B-D2CF-48DA-821D-CA15EFBA30D7}"
EndProject
Global
	GlobalSection(SolutionConfigurationPlatforms) = preSolution
		Debug|Any CPU = Debug|Any CPU
		Release|Any CPU = Release|Any CPU
	EndGlobalSection
	GlobalSection(ProjectConfigurationPlatforms) = postSolution
		{4BCC03D1-FB48-4AC2-A142-B4300C9D4088}.Debug|Any CPU.ActiveCfg = Debug|Any CPU
		{4BCC03D1-FB48-4AC2-A142-B4300C9D4088}.Debug|Any CPU.Build.0 = Debug|Any CPU
		{4BCC03D1-FB48-4AC2-A142-B4300C9D4088}.Debug|Any CPU.Deploy.0 = Debug|Any CPU
		{4BCC03D1-FB48-4AC2-A142-B4300C9D4088}.Release|Any CPU.ActiveCfg = Release|Any CPU
		{4BCC03D1-FB48-4AC2-A142-B4300C9D4088}.Release|Any CPU.Build.0 = Release|Any CPU
		{4BCC03D1-FB48-4AC2-A142-B4300C9D4088}.Release|Any CPU.Deploy.0 = Release|Any CPU
		{FF2D351B-D2CF-48DA-821D-CA15EFBA30D7}.Debug|Any CPU.ActiveCfg = Debug|Any CPU
		{FF2D351B-D2CF-48DA-821D-CA15EFBA30D7}.Debug|Any CPU.Build.0 = Debug|Any CPU
		{FF2D351B-D2CF-48DA-821D-CA15EFBA30D7}.Debug|Any CPU.Deploy.0 = Debug|Any CPU
		{FF2D351B-D2CF-48DA-821D-CA15EFBA30D7}.Release|Any CPU.ActiveCfg = Release|Any CPU
		{FF2D351B-D2CF-48DA-821D-CA15EFBA30D7}.Release|Any CPU.Build.0 = Release|Any CPU
		{FF2D351B-D2CF-48DA-821D-CA15EFBA30D7}.Release|Any CPU.Deploy.0 = Release|Any CPU
	EndGlobalSection
	GlobalSection(SolutionProperties) = preSolution
		HideSolutionNode = FALSE
	EndGlobalSection
	GlobalSection(ExtensibilityGlobals) = postSolution
		SolutionGuid = {FD588C51-93A4-4CA4-827F-ACEBA07A40E4}
	EndGlobalSection
EndGlobal
